// !$*UTF8*$!
{
	archiveVersion = 1;
	classes = {
	};
	objectVersion = 48;
	objects = {

/* Begin PBXBuildFile section */
		2014F95D1F9CC174005FB975 /* 测试视频.mov in Resources */ = {isa = PBXBuildFile; fileRef = 2014F95C1F9CC174005FB975 /* 测试视频.mov */; };
		2014F9661F9CC895005FB975 /* LocalVideoCell.swift in Sources */ = {isa = PBXBuildFile; fileRef = 2014F9641F9CC895005FB975 /* LocalVideoCell.swift */; };
		2014F9671F9CC895005FB975 /* LocalVideoCell.xib in Resources */ = {isa = PBXBuildFile; fileRef = 2014F9651F9CC895005FB975 /* LocalVideoCell.xib */; };
		2014F96D1FA0E03A005FB975 /* DateSelectionViewController.swift in Sources */ = {isa = PBXBuildFile; fileRef = 2014F96B1FA0E03A005FB975 /* DateSelectionViewController.swift */; };
		2014F96E1FA0E03A005FB975 /* DateSelectionViewController.xib in Resources */ = {isa = PBXBuildFile; fileRef = 2014F96C1FA0E03A005FB975 /* DateSelectionViewController.xib */; };
		20BCAC7E1F9CB94E0053DC55 /* LocalVideoViewController.swift in Sources */ = {isa = PBXBuildFile; fileRef = 20BCAC7D1F9CB94E0053DC55 /* LocalVideoViewController.swift */; };
		20CBF31A1FA6099500DEE0CA /* CardScrollViewController.swift in Sources */ = {isa = PBXBuildFile; fileRef = 20CBF3191FA6099500DEE0CA /* CardScrollViewController.swift */; };
		20CBF31C1FA6189F00DEE0CA /* CardScrollCell.swift in Sources */ = {isa = PBXBuildFile; fileRef = 20CBF31B1FA6189F00DEE0CA /* CardScrollCell.swift */; };
		20CBF3241FA7629900DEE0CA /* gastronomy1.jpg in Resources */ = {isa = PBXBuildFile; fileRef = 20CBF31E1FA7629900DEE0CA /* gastronomy1.jpg */; };
		20CBF3251FA7629900DEE0CA /* gastronomy2.jpg in Resources */ = {isa = PBXBuildFile; fileRef = 20CBF31F1FA7629900DEE0CA /* gastronomy2.jpg */; };
		20CBF3261FA7629900DEE0CA /* gastronomy3.jpg in Resources */ = {isa = PBXBuildFile; fileRef = 20CBF3201FA7629900DEE0CA /* gastronomy3.jpg */; };
		20CBF3271FA7629900DEE0CA /* gastronomy4.jpg in Resources */ = {isa = PBXBuildFile; fileRef = 20CBF3211FA7629900DEE0CA /* gastronomy4.jpg */; };
		20CBF3281FA7629900DEE0CA /* gastronomy5.jpg in Resources */ = {isa = PBXBuildFile; fileRef = 20CBF3221FA7629900DEE0CA /* gastronomy5.jpg */; };
		20CBF3291FA7629900DEE0CA /* gastronomy6.jpg in Resources */ = {isa = PBXBuildFile; fileRef = 20CBF3231FA7629900DEE0CA /* gastronomy6.jpg */; };
		20F5B4271FAD9F1300824C3F /* BaseAnimationViewController.swift in Sources */ = {isa = PBXBuildFile; fileRef = 20F5B4261FAD9F1300824C3F /* BaseAnimationViewController.swift */; };
		20F5B4291FADA35F00824C3F /* PositionAnimationViewController.swift in Sources */ = {isa = PBXBuildFile; fileRef = 20F5B4281FADA35F00824C3F /* PositionAnimationViewController.swift */; };
		20F5B42B1FADB20C00824C3F /* CoreAnimationViewController.swift in Sources */ = {isa = PBXBuildFile; fileRef = 20F5B42A1FADB20C00824C3F /* CoreAnimationViewController.swift */; };
		20F5B42D1FADEF8800824C3F /* EmitterViewController.swift in Sources */ = {isa = PBXBuildFile; fileRef = 20F5B42C1FADEF8800824C3F /* EmitterViewController.swift */; };
		6E02FEA31FA96F3800BC5614 /* RefreshViewController.swift in Sources */ = {isa = PBXBuildFile; fileRef = 6E02FEA21FA96F3800BC5614 /* RefreshViewController.swift */; };
		6E02FEA61FA970D000BC5614 /* Macro.swift in Sources */ = {isa = PBXBuildFile; fileRef = 6E02FEA51FA970D000BC5614 /* Macro.swift */; };
		6E02FEA91FA9A9C100BC5614 /* PreviewPictureViewController.swift in Sources */ = {isa = PBXBuildFile; fileRef = 6E02FEA81FA9A9C100BC5614 /* PreviewPictureViewController.swift */; };
		6E02FEAC1FAAB8FB00BC5614 /* TableViewGradientController.swift in Sources */ = {isa = PBXBuildFile; fileRef = 6E02FEAB1FAAB8FB00BC5614 /* TableViewGradientController.swift */; };
		6E02FEAE1FAABE9400BC5614 /* HomeList.plist in Resources */ = {isa = PBXBuildFile; fileRef = 6E02FEAD1FAABE9400BC5614 /* HomeList.plist */; };
		6E0CF2601FA857D20033A915 /* CameraViewController.swift in Sources */ = {isa = PBXBuildFile; fileRef = 6E0CF25E1FA857D20033A915 /* CameraViewController.swift */; };
		6E0CF2611FA857D20033A915 /* CameraViewController.xib in Resources */ = {isa = PBXBuildFile; fileRef = 6E0CF25F1FA857D20033A915 /* CameraViewController.xib */; };
		6E0D110C1FB184A3003339AC /* NavgationHelper.swift in Sources */ = {isa = PBXBuildFile; fileRef = 6E0D110B1FB184A3003339AC /* NavgationHelper.swift */; };
		6E7539DB1FB2936100587BE5 /* SearchViewController.swift in Sources */ = {isa = PBXBuildFile; fileRef = 6E7539DA1FB2936100587BE5 /* SearchViewController.swift */; };
		6E7539DE1FB2992800587BE5 /* SearchTableViewCell.swift in Sources */ = {isa = PBXBuildFile; fileRef = 6E7539DC1FB2992800587BE5 /* SearchTableViewCell.swift */; };
		6E7539DF1FB2992800587BE5 /* SearchTableViewCell.xib in Resources */ = {isa = PBXBuildFile; fileRef = 6E7539DD1FB2992800587BE5 /* SearchTableViewCell.xib */; };
		6E7539E21FB2995500587BE5 /* SearchDetailViewController.swift in Sources */ = {isa = PBXBuildFile; fileRef = 6E7539E01FB2995500587BE5 /* SearchDetailViewController.swift */; };
		6E7539E31FB2995500587BE5 /* SearchDetailViewController.xib in Resources */ = {isa = PBXBuildFile; fileRef = 6E7539E11FB2995500587BE5 /* SearchDetailViewController.xib */; };
		6E7539E71FB3E41D00587BE5 /* ScreenSwitchViewController.swift in Sources */ = {isa = PBXBuildFile; fileRef = 6E7539E51FB3E41D00587BE5 /* ScreenSwitchViewController.swift */; };
		6E7539E81FB3E41D00587BE5 /* ScreenSwitchViewController.xib in Resources */ = {isa = PBXBuildFile; fileRef = 6E7539E61FB3E41D00587BE5 /* ScreenSwitchViewController.xib */; };
		6E7539ED1FB42A3000587BE5 /* VideoBackGroundViewController.swift in Sources */ = {isa = PBXBuildFile; fileRef = 6E7539EC1FB42A3000587BE5 /* VideoBackGroundViewController.swift */; };
		6E7539EF1FB434C900587BE5 /* 背景视频.mov in Resources */ = {isa = PBXBuildFile; fileRef = 6E7539EE1FB434C900587BE5 /* 背景视频.mov */; };
		6E8C08121F9DC98000970068 /* LocationViewController.swift in Sources */ = {isa = PBXBuildFile; fileRef = 6E8C08101F9DC98000970068 /* LocationViewController.swift */; };
		6E8C08131F9DC98000970068 /* LocationViewController.xib in Resources */ = {isa = PBXBuildFile; fileRef = 6E8C08111F9DC98000970068 /* LocationViewController.xib */; };
		6E8C081C1F9F0ED900970068 /* ColorGradientViewController.swift in Sources */ = {isa = PBXBuildFile; fileRef = 6E8C081B1F9F0ED900970068 /* ColorGradientViewController.swift */; };
		6E8C08311FA032B800970068 /* TouchViewController.swift in Sources */ = {isa = PBXBuildFile; fileRef = 6E8C08301FA032B800970068 /* TouchViewController.swift */; };
		6ED65A271F97422F001BB3FA /* AppDelegate.swift in Sources */ = {isa = PBXBuildFile; fileRef = 6ED65A261F97422F001BB3FA /* AppDelegate.swift */; };
		6ED65A291F97422F001BB3FA /* ViewController.swift in Sources */ = {isa = PBXBuildFile; fileRef = 6ED65A281F97422F001BB3FA /* ViewController.swift */; };
		6ED65A2C1F97422F001BB3FA /* Main.storyboard in Resources */ = {isa = PBXBuildFile; fileRef = 6ED65A2A1F97422F001BB3FA /* Main.storyboard */; };
		6ED65A2E1F97422F001BB3FA /* Assets.xcassets in Resources */ = {isa = PBXBuildFile; fileRef = 6ED65A2D1F97422F001BB3FA /* Assets.xcassets */; };
		6ED65A311F97422F001BB3FA /* LaunchScreen.storyboard in Resources */ = {isa = PBXBuildFile; fileRef = 6ED65A2F1F97422F001BB3FA /* LaunchScreen.storyboard */; };
		6ED65A3C1F97422F001BB3FA /* FortyDaysDemoTests.swift in Sources */ = {isa = PBXBuildFile; fileRef = 6ED65A3B1F97422F001BB3FA /* FortyDaysDemoTests.swift */; };
		6ED65A471F97422F001BB3FA /* FortyDaysDemoUITests.swift in Sources */ = {isa = PBXBuildFile; fileRef = 6ED65A461F97422F001BB3FA /* FortyDaysDemoUITests.swift */; };
		6ED65A5B1F98814E001BB3FA /* TimerViewController.swift in Sources */ = {isa = PBXBuildFile; fileRef = 6ED65A591F98814E001BB3FA /* TimerViewController.swift */; };
		6ED65A5C1F98814E001BB3FA /* TimerViewController.xib in Resources */ = {isa = PBXBuildFile; fileRef = 6ED65A5A1F98814E001BB3FA /* TimerViewController.xib */; };
		6EEAA0D11FAB0475007E69E0 /* LoginAnimationViewController.swift in Sources */ = {isa = PBXBuildFile; fileRef = 6EEAA0D01FAB0475007E69E0 /* LoginAnimationViewController.swift */; };
		6EEAA0D51FAB0A4A007E69E0 /* LoginViewController.swift in Sources */ = {isa = PBXBuildFile; fileRef = 6EEAA0D41FAB0A4A007E69E0 /* LoginViewController.swift */; };
		6EEAA0D81FAC48B5007E69E0 /* LateralSpreadsViewController.swift in Sources */ = {isa = PBXBuildFile; fileRef = 6EEAA0D71FAC48B5007E69E0 /* LateralSpreadsViewController.swift */; };
		6EEAA0DE1FAFFAB7007E69E0 /* CoreDataViewController.swift in Sources */ = {isa = PBXBuildFile; fileRef = 6EEAA0DD1FAFFAB7007E69E0 /* CoreDataViewController.swift */; };
		6EEAA0E41FB002DE007E69E0 /* Model.xcdatamodeld in Sources */ = {isa = PBXBuildFile; fileRef = 6EEAA0E21FB002DE007E69E0 /* Model.xcdatamodeld */; };
		6EEAA12F1FB0369F007E69E0 /* CoreDataStack.swift in Sources */ = {isa = PBXBuildFile; fileRef = 6EEAA12E1FB0369F007E69E0 /* CoreDataStack.swift */; };
		6EFA7DBC1FB1948900565FAC /* NavigationChangeViewController.swift in Sources */ = {isa = PBXBuildFile; fileRef = 6EFA7DBB1FB1948900565FAC /* NavigationChangeViewController.swift */; };
		6EFFA6801FA06ABA00B2FCE9 /* TouchShowViewController.swift in Sources */ = {isa = PBXBuildFile; fileRef = 6EFFA67E1FA06ABA00B2FCE9 /* TouchShowViewController.swift */; };
		6EFFA6811FA06ABA00B2FCE9 /* TouchShowViewController.xib in Resources */ = {isa = PBXBuildFile; fileRef = 6EFFA67F1FA06ABA00B2FCE9 /* TouchShowViewController.xib */; };
/* End PBXBuildFile section */

/* Begin PBXContainerItemProxy section */
		6ED65A381F97422F001BB3FA /* PBXContainerItemProxy */ = {
			isa = PBXContainerItemProxy;
			containerPortal = 6ED65A1B1F97422F001BB3FA /* Project object */;
			proxyType = 1;
			remoteGlobalIDString = 6ED65A221F97422F001BB3FA;
			remoteInfo = FortyDaysDemo;
		};
		6ED65A431F97422F001BB3FA /* PBXContainerItemProxy */ = {
			isa = PBXContainerItemProxy;
			containerPortal = 6ED65A1B1F97422F001BB3FA /* Project object */;
			proxyType = 1;
			remoteGlobalIDString = 6ED65A221F97422F001BB3FA;
			remoteInfo = FortyDaysDemo;
		};
/* End PBXContainerItemProxy section */

/* Begin PBXFileReference section */
		2014F95C1F9CC174005FB975 /* 测试视频.mov */ = {isa = PBXFileReference; lastKnownFileType = video.quicktime; path = "测试视频.mov"; sourceTree = "<group>"; };
		2014F9641F9CC895005FB975 /* LocalVideoCell.swift */ = {isa = PBXFileReference; lastKnownFileType = sourcecode.swift; path = LocalVideoCell.swift; sourceTree = "<group>"; };
		2014F9651F9CC895005FB975 /* LocalVideoCell.xib */ = {isa = PBXFileReference; lastKnownFileType = file.xib; path = LocalVideoCell.xib; sourceTree = "<group>"; };
		2014F96B1FA0E03A005FB975 /* DateSelectionViewController.swift */ = {isa = PBXFileReference; lastKnownFileType = sourcecode.swift; path = DateSelectionViewController.swift; sourceTree = "<group>"; };
		2014F96C1FA0E03A005FB975 /* DateSelectionViewController.xib */ = {isa = PBXFileReference; lastKnownFileType = file.xib; path = DateSelectionViewController.xib; sourceTree = "<group>"; };
		20BCAC7D1F9CB94E0053DC55 /* LocalVideoViewController.swift */ = {isa = PBXFileReference; lastKnownFileType = sourcecode.swift; path = LocalVideoViewController.swift; sourceTree = "<group>"; };
		20CBF3191FA6099500DEE0CA /* CardScrollViewController.swift */ = {isa = PBXFileReference; lastKnownFileType = sourcecode.swift; path = CardScrollViewController.swift; sourceTree = "<group>"; };
		20CBF31B1FA6189F00DEE0CA /* CardScrollCell.swift */ = {isa = PBXFileReference; lastKnownFileType = sourcecode.swift; path = CardScrollCell.swift; sourceTree = "<group>"; };
		20CBF31E1FA7629900DEE0CA /* gastronomy1.jpg */ = {isa = PBXFileReference; lastKnownFileType = image.jpeg; path = gastronomy1.jpg; sourceTree = "<group>"; };
		20CBF31F1FA7629900DEE0CA /* gastronomy2.jpg */ = {isa = PBXFileReference; lastKnownFileType = image.jpeg; path = gastronomy2.jpg; sourceTree = "<group>"; };
		20CBF3201FA7629900DEE0CA /* gastronomy3.jpg */ = {isa = PBXFileReference; lastKnownFileType = image.jpeg; path = gastronomy3.jpg; sourceTree = "<group>"; };
		20CBF3211FA7629900DEE0CA /* gastronomy4.jpg */ = {isa = PBXFileReference; lastKnownFileType = image.jpeg; path = gastronomy4.jpg; sourceTree = "<group>"; };
		20CBF3221FA7629900DEE0CA /* gastronomy5.jpg */ = {isa = PBXFileReference; lastKnownFileType = image.jpeg; path = gastronomy5.jpg; sourceTree = "<group>"; };
		20CBF3231FA7629900DEE0CA /* gastronomy6.jpg */ = {isa = PBXFileReference; lastKnownFileType = image.jpeg; path = gastronomy6.jpg; sourceTree = "<group>"; };
		20F5B4261FAD9F1300824C3F /* BaseAnimationViewController.swift */ = {isa = PBXFileReference; lastKnownFileType = sourcecode.swift; path = BaseAnimationViewController.swift; sourceTree = "<group>"; };
		20F5B4281FADA35F00824C3F /* PositionAnimationViewController.swift */ = {isa = PBXFileReference; lastKnownFileType = sourcecode.swift; path = PositionAnimationViewController.swift; sourceTree = "<group>"; };
		20F5B42A1FADB20C00824C3F /* CoreAnimationViewController.swift */ = {isa = PBXFileReference; lastKnownFileType = sourcecode.swift; path = CoreAnimationViewController.swift; sourceTree = "<group>"; };
		20F5B42C1FADEF8800824C3F /* EmitterViewController.swift */ = {isa = PBXFileReference; lastKnownFileType = sourcecode.swift; path = EmitterViewController.swift; sourceTree = "<group>"; };
		6E02FEA21FA96F3800BC5614 /* RefreshViewController.swift */ = {isa = PBXFileReference; lastKnownFileType = sourcecode.swift; path = RefreshViewController.swift; sourceTree = "<group>"; };
		6E02FEA51FA970D000BC5614 /* Macro.swift */ = {isa = PBXFileReference; lastKnownFileType = sourcecode.swift; path = Macro.swift; sourceTree = "<group>"; };
		6E02FEA81FA9A9C100BC5614 /* PreviewPictureViewController.swift */ = {isa = PBXFileReference; lastKnownFileType = sourcecode.swift; path = PreviewPictureViewController.swift; sourceTree = "<group>"; };
		6E02FEAB1FAAB8FB00BC5614 /* TableViewGradientController.swift */ = {isa = PBXFileReference; lastKnownFileType = sourcecode.swift; path = TableViewGradientController.swift; sourceTree = "<group>"; };
		6E02FEAD1FAABE9400BC5614 /* HomeList.plist */ = {isa = PBXFileReference; lastKnownFileType = text.plist.xml; path = HomeList.plist; sourceTree = "<group>"; };
		6E0CF25E1FA857D20033A915 /* CameraViewController.swift */ = {isa = PBXFileReference; lastKnownFileType = sourcecode.swift; path = CameraViewController.swift; sourceTree = "<group>"; };
		6E0CF25F1FA857D20033A915 /* CameraViewController.xib */ = {isa = PBXFileReference; lastKnownFileType = file.xib; path = CameraViewController.xib; sourceTree = "<group>"; };
		6E0D110B1FB184A3003339AC /* NavgationHelper.swift */ = {isa = PBXFileReference; lastKnownFileType = sourcecode.swift; path = NavgationHelper.swift; sourceTree = "<group>"; };
		6E7539DA1FB2936100587BE5 /* SearchViewController.swift */ = {isa = PBXFileReference; lastKnownFileType = sourcecode.swift; path = SearchViewController.swift; sourceTree = "<group>"; };
		6E7539DC1FB2992800587BE5 /* SearchTableViewCell.swift */ = {isa = PBXFileReference; lastKnownFileType = sourcecode.swift; path = SearchTableViewCell.swift; sourceTree = "<group>"; };
		6E7539DD1FB2992800587BE5 /* SearchTableViewCell.xib */ = {isa = PBXFileReference; lastKnownFileType = file.xib; path = SearchTableViewCell.xib; sourceTree = "<group>"; };
		6E7539E01FB2995500587BE5 /* SearchDetailViewController.swift */ = {isa = PBXFileReference; lastKnownFileType = sourcecode.swift; path = SearchDetailViewController.swift; sourceTree = "<group>"; };
		6E7539E11FB2995500587BE5 /* SearchDetailViewController.xib */ = {isa = PBXFileReference; lastKnownFileType = file.xib; path = SearchDetailViewController.xib; sourceTree = "<group>"; };
		6E7539E51FB3E41D00587BE5 /* ScreenSwitchViewController.swift */ = {isa = PBXFileReference; lastKnownFileType = sourcecode.swift; path = ScreenSwitchViewController.swift; sourceTree = "<group>"; };
		6E7539E61FB3E41D00587BE5 /* ScreenSwitchViewController.xib */ = {isa = PBXFileReference; lastKnownFileType = file.xib; path = ScreenSwitchViewController.xib; sourceTree = "<group>"; };
		6E7539EC1FB42A3000587BE5 /* VideoBackGroundViewController.swift */ = {isa = PBXFileReference; lastKnownFileType = sourcecode.swift; path = VideoBackGroundViewController.swift; sourceTree = "<group>"; };
		6E7539EE1FB434C900587BE5 /* 背景视频.mov */ = {isa = PBXFileReference; lastKnownFileType = video.quicktime; path = "背景视频.mov"; sourceTree = "<group>"; };
		6E8C08101F9DC98000970068 /* LocationViewController.swift */ = {isa = PBXFileReference; lastKnownFileType = sourcecode.swift; path = LocationViewController.swift; sourceTree = "<group>"; };
		6E8C08111F9DC98000970068 /* LocationViewController.xib */ = {isa = PBXFileReference; lastKnownFileType = file.xib; path = LocationViewController.xib; sourceTree = "<group>"; };
		6E8C081B1F9F0ED900970068 /* ColorGradientViewController.swift */ = {isa = PBXFileReference; lastKnownFileType = sourcecode.swift; path = ColorGradientViewController.swift; sourceTree = "<group>"; };
		6E8C08301FA032B800970068 /* TouchViewController.swift */ = {isa = PBXFileReference; lastKnownFileType = sourcecode.swift; path = TouchViewController.swift; sourceTree = "<group>"; };
		6ED65A231F97422F001BB3FA /* FortyDaysDemo.app */ = {isa = PBXFileReference; explicitFileType = wrapper.application; includeInIndex = 0; path = FortyDaysDemo.app; sourceTree = BUILT_PRODUCTS_DIR; };
		6ED65A261F97422F001BB3FA /* AppDelegate.swift */ = {isa = PBXFileReference; lastKnownFileType = sourcecode.swift; path = AppDelegate.swift; sourceTree = "<group>"; };
		6ED65A281F97422F001BB3FA /* ViewController.swift */ = {isa = PBXFileReference; lastKnownFileType = sourcecode.swift; path = ViewController.swift; sourceTree = "<group>"; };
		6ED65A2B1F97422F001BB3FA /* Base */ = {isa = PBXFileReference; lastKnownFileType = file.storyboard; name = Base; path = Base.lproj/Main.storyboard; sourceTree = "<group>"; };
		6ED65A2D1F97422F001BB3FA /* Assets.xcassets */ = {isa = PBXFileReference; lastKnownFileType = folder.assetcatalog; path = Assets.xcassets; sourceTree = "<group>"; };
		6ED65A301F97422F001BB3FA /* Base */ = {isa = PBXFileReference; lastKnownFileType = file.storyboard; name = Base; path = Base.lproj/LaunchScreen.storyboard; sourceTree = "<group>"; };
		6ED65A321F97422F001BB3FA /* Info.plist */ = {isa = PBXFileReference; lastKnownFileType = text.plist.xml; path = Info.plist; sourceTree = "<group>"; };
		6ED65A371F97422F001BB3FA /* FortyDaysDemoTests.xctest */ = {isa = PBXFileReference; explicitFileType = wrapper.cfbundle; includeInIndex = 0; path = FortyDaysDemoTests.xctest; sourceTree = BUILT_PRODUCTS_DIR; };
		6ED65A3B1F97422F001BB3FA /* FortyDaysDemoTests.swift */ = {isa = PBXFileReference; lastKnownFileType = sourcecode.swift; path = FortyDaysDemoTests.swift; sourceTree = "<group>"; };
		6ED65A3D1F97422F001BB3FA /* Info.plist */ = {isa = PBXFileReference; lastKnownFileType = text.plist.xml; path = Info.plist; sourceTree = "<group>"; };
		6ED65A421F97422F001BB3FA /* FortyDaysDemoUITests.xctest */ = {isa = PBXFileReference; explicitFileType = wrapper.cfbundle; includeInIndex = 0; path = FortyDaysDemoUITests.xctest; sourceTree = BUILT_PRODUCTS_DIR; };
		6ED65A461F97422F001BB3FA /* FortyDaysDemoUITests.swift */ = {isa = PBXFileReference; lastKnownFileType = sourcecode.swift; path = FortyDaysDemoUITests.swift; sourceTree = "<group>"; };
		6ED65A481F97422F001BB3FA /* Info.plist */ = {isa = PBXFileReference; lastKnownFileType = text.plist.xml; path = Info.plist; sourceTree = "<group>"; };
		6ED65A591F98814E001BB3FA /* TimerViewController.swift */ = {isa = PBXFileReference; lastKnownFileType = sourcecode.swift; path = TimerViewController.swift; sourceTree = "<group>"; };
		6ED65A5A1F98814E001BB3FA /* TimerViewController.xib */ = {isa = PBXFileReference; lastKnownFileType = file.xib; path = TimerViewController.xib; sourceTree = "<group>"; };
		6EEAA0D01FAB0475007E69E0 /* LoginAnimationViewController.swift */ = {isa = PBXFileReference; lastKnownFileType = sourcecode.swift; path = LoginAnimationViewController.swift; sourceTree = "<group>"; };
		6EEAA0D41FAB0A4A007E69E0 /* LoginViewController.swift */ = {isa = PBXFileReference; lastKnownFileType = sourcecode.swift; path = LoginViewController.swift; sourceTree = "<group>"; };
		6EEAA0D71FAC48B5007E69E0 /* LateralSpreadsViewController.swift */ = {isa = PBXFileReference; lastKnownFileType = sourcecode.swift; path = LateralSpreadsViewController.swift; sourceTree = "<group>"; };
		6EEAA0DD1FAFFAB7007E69E0 /* CoreDataViewController.swift */ = {isa = PBXFileReference; lastKnownFileType = sourcecode.swift; path = CoreDataViewController.swift; sourceTree = "<group>"; };
		6EEAA0E31FB002DE007E69E0 /* Model.xcdatamodel */ = {isa = PBXFileReference; lastKnownFileType = wrapper.xcdatamodel; path = Model.xcdatamodel; sourceTree = "<group>"; };
		6EEAA12E1FB0369F007E69E0 /* CoreDataStack.swift */ = {isa = PBXFileReference; lastKnownFileType = sourcecode.swift; path = CoreDataStack.swift; sourceTree = "<group>"; };
		6EFA7DBB1FB1948900565FAC /* NavigationChangeViewController.swift */ = {isa = PBXFileReference; lastKnownFileType = sourcecode.swift; path = NavigationChangeViewController.swift; sourceTree = "<group>"; };
		6EFFA67E1FA06ABA00B2FCE9 /* TouchShowViewController.swift */ = {isa = PBXFileReference; lastKnownFileType = sourcecode.swift; path = TouchShowViewController.swift; sourceTree = "<group>"; };
		6EFFA67F1FA06ABA00B2FCE9 /* TouchShowViewController.xib */ = {isa = PBXFileReference; lastKnownFileType = file.xib; path = TouchShowViewController.xib; sourceTree = "<group>"; };
/* End PBXFileReference section */

/* Begin PBXFrameworksBuildPhase section */
		6ED65A201F97422F001BB3FA /* Frameworks */ = {
			isa = PBXFrameworksBuildPhase;
			buildActionMask = 2147483647;
			files = (
			);
			runOnlyForDeploymentPostprocessing = 0;
		};
		6ED65A341F97422F001BB3FA /* Frameworks */ = {
			isa = PBXFrameworksBuildPhase;
			buildActionMask = 2147483647;
			files = (
			);
			runOnlyForDeploymentPostprocessing = 0;
		};
		6ED65A3F1F97422F001BB3FA /* Frameworks */ = {
			isa = PBXFrameworksBuildPhase;
			buildActionMask = 2147483647;
			files = (
			);
			runOnlyForDeploymentPostprocessing = 0;
		};
/* End PBXFrameworksBuildPhase section */

/* Begin PBXGroup section */
		2014F95B1F9CC15A005FB975 /* resources */ = {
			isa = PBXGroup;
			children = (
				20CBF31D1FA7629900DEE0CA /* gastronomy */,
				2014F95C1F9CC174005FB975 /* 测试视频.mov */,
				6E7539EE1FB434C900587BE5 /* 背景视频.mov */,
				6E02FEAD1FAABE9400BC5614 /* HomeList.plist */,
				6EEAA0E21FB002DE007E69E0 /* Model.xcdatamodeld */,
			);
			path = resources;
			sourceTree = "<group>";
		};
		2014F9681FA0DF3F005FB975 /* 6.日期选择器 */ = {
			isa = PBXGroup;
			children = (
				2014F96B1FA0E03A005FB975 /* DateSelectionViewController.swift */,
				2014F96C1FA0E03A005FB975 /* DateSelectionViewController.xib */,
			);
			path = "6.日期选择器";
			sourceTree = "<group>";
		};
		20CBF3181FA6095A00DEE0CA /* 7.卡片式滑动 */ = {
			isa = PBXGroup;
			children = (
				20CBF3191FA6099500DEE0CA /* CardScrollViewController.swift */,
				20CBF31B1FA6189F00DEE0CA /* CardScrollCell.swift */,
			);
			path = "7.卡片式滑动";
			sourceTree = "<group>";
		};
		20CBF31D1FA7629900DEE0CA /* gastronomy */ = {
			isa = PBXGroup;
			children = (
				20CBF31E1FA7629900DEE0CA /* gastronomy1.jpg */,
				20CBF31F1FA7629900DEE0CA /* gastronomy2.jpg */,
				20CBF3201FA7629900DEE0CA /* gastronomy3.jpg */,
				20CBF3211FA7629900DEE0CA /* gastronomy4.jpg */,
				20CBF3221FA7629900DEE0CA /* gastronomy5.jpg */,
				20CBF3231FA7629900DEE0CA /* gastronomy6.jpg */,
			);
			path = gastronomy;
			sourceTree = "<group>";
		};
		20DBEDB71F9CA33F00C8580E /* 2.本地视频播放 */ = {
			isa = PBXGroup;
			children = (
				20BCAC7D1F9CB94E0053DC55 /* LocalVideoViewController.swift */,
				2014F9641F9CC895005FB975 /* LocalVideoCell.swift */,
				2014F9651F9CC895005FB975 /* LocalVideoCell.xib */,
			);
			path = "2.本地视频播放";
			sourceTree = "<group>";
		};
		20F5B4251FAD9ECD00824C3F /* 14.基础动画 */ = {
			isa = PBXGroup;
			children = (
				20F5B4261FAD9F1300824C3F /* BaseAnimationViewController.swift */,
				20F5B4281FADA35F00824C3F /* PositionAnimationViewController.swift */,
				20F5B42A1FADB20C00824C3F /* CoreAnimationViewController.swift */,
				20F5B42C1FADEF8800824C3F /* EmitterViewController.swift */,
			);
			path = "14.基础动画";
			sourceTree = "<group>";
		};
		6E02FEA11FA96F0C00BC5614 /* 9.下拉刷新与上拉加载 */ = {
			isa = PBXGroup;
			children = (
				6E02FEA21FA96F3800BC5614 /* RefreshViewController.swift */,
			);
			path = "9.下拉刷新与上拉加载";
			sourceTree = "<group>";
		};
		6E02FEA41FA970A300BC5614 /* Tools */ = {
			isa = PBXGroup;
			children = (
				6E02FEA51FA970D000BC5614 /* Macro.swift */,
			);
			path = Tools;
			sourceTree = "<group>";
		};
		6E02FEA71FA9A99600BC5614 /* 10.图片的预览 */ = {
			isa = PBXGroup;
			children = (
				6E02FEA81FA9A9C100BC5614 /* PreviewPictureViewController.swift */,
			);
			path = "10.图片的预览";
			sourceTree = "<group>";
		};
		6E02FEAA1FAAB87100BC5614 /* 11.tableView颜色渐变 */ = {
			isa = PBXGroup;
			children = (
				6E02FEAB1FAAB8FB00BC5614 /* TableViewGradientController.swift */,
			);
			path = "11.tableView颜色渐变";
			sourceTree = "<group>";
		};
		6E0CF25D1FA857A40033A915 /* 8.拍照 */ = {
			isa = PBXGroup;
			children = (
				6E0CF25E1FA857D20033A915 /* CameraViewController.swift */,
				6E0CF25F1FA857D20033A915 /* CameraViewController.xib */,
			);
			path = "8.拍照";
			sourceTree = "<group>";
		};
		6E7539D91FB2934E00587BE5 /* 17.搜索 */ = {
			isa = PBXGroup;
			children = (
				6E7539DA1FB2936100587BE5 /* SearchViewController.swift */,
				6E7539DC1FB2992800587BE5 /* SearchTableViewCell.swift */,
				6E7539DD1FB2992800587BE5 /* SearchTableViewCell.xib */,
				6E7539E01FB2995500587BE5 /* SearchDetailViewController.swift */,
				6E7539E11FB2995500587BE5 /* SearchDetailViewController.xib */,
			);
			path = "17.搜索";
			sourceTree = "<group>";
		};
		6E7539E41FB3E27700587BE5 /* 18.横竖屏切换 */ = {
			isa = PBXGroup;
			children = (
				6E7539E51FB3E41D00587BE5 /* ScreenSwitchViewController.swift */,
				6E7539E61FB3E41D00587BE5 /* ScreenSwitchViewController.xib */,
			);
			path = "18.横竖屏切换";
			sourceTree = "<group>";
		};
		6E7539EB1FB429F100587BE5 /* 19.视屏作为页面背景 */ = {
			isa = PBXGroup;
			children = (
				6E7539EC1FB42A3000587BE5 /* VideoBackGroundViewController.swift */,
			);
			path = "19.视屏作为页面背景";
			sourceTree = "<group>";
		};
		6E8C080F1F9DC8AD00970068 /* 3.定位 */ = {
			isa = PBXGroup;
			children = (
				6E8C08101F9DC98000970068 /* LocationViewController.swift */,
				6E8C08111F9DC98000970068 /* LocationViewController.xib */,
			);
			path = "3.定位";
			sourceTree = "<group>";
		};
		6E8C081A1F9F0E2000970068 /* 4.颜色渐变 */ = {
			isa = PBXGroup;
			children = (
				6E8C081B1F9F0ED900970068 /* ColorGradientViewController.swift */,
			);
			path = "4.颜色渐变";
			sourceTree = "<group>";
		};
		6E8C082F1FA02E7500970068 /* 5.3D Touch */ = {
			isa = PBXGroup;
			children = (
				6E8C08301FA032B800970068 /* TouchViewController.swift */,
				6EFFA67E1FA06ABA00B2FCE9 /* TouchShowViewController.swift */,
				6EFFA67F1FA06ABA00B2FCE9 /* TouchShowViewController.xib */,
			);
			path = "5.3D Touch";
			sourceTree = "<group>";
		};
		6ED65A1A1F97422F001BB3FA = {
			isa = PBXGroup;
			children = (
				6ED65A251F97422F001BB3FA /* FortyDaysDemo */,
				6ED65A3A1F97422F001BB3FA /* FortyDaysDemoTests */,
				6ED65A451F97422F001BB3FA /* FortyDaysDemoUITests */,
				6ED65A241F97422F001BB3FA /* Products */,
			);
			sourceTree = "<group>";
		};
		6ED65A241F97422F001BB3FA /* Products */ = {
			isa = PBXGroup;
			children = (
				6ED65A231F97422F001BB3FA /* FortyDaysDemo.app */,
				6ED65A371F97422F001BB3FA /* FortyDaysDemoTests.xctest */,
				6ED65A421F97422F001BB3FA /* FortyDaysDemoUITests.xctest */,
			);
			name = Products;
			sourceTree = "<group>";
		};
		6ED65A251F97422F001BB3FA /* FortyDaysDemo */ = {
			isa = PBXGroup;
			children = (
				6ED65A261F97422F001BB3FA /* AppDelegate.swift */,
				6ED65A281F97422F001BB3FA /* ViewController.swift */,
				6ED65A2A1F97422F001BB3FA /* Main.storyboard */,
				6E02FEA41FA970A300BC5614 /* Tools */,
				6ED65A561F9848F2001BB3FA /* 1.计时器 */,
				20DBEDB71F9CA33F00C8580E /* 2.本地视频播放 */,
				6E8C080F1F9DC8AD00970068 /* 3.定位 */,
				6E8C081A1F9F0E2000970068 /* 4.颜色渐变 */,
				6E8C082F1FA02E7500970068 /* 5.3D Touch */,
				2014F9681FA0DF3F005FB975 /* 6.日期选择器 */,
				20CBF3181FA6095A00DEE0CA /* 7.卡片式滑动 */,
				6E0CF25D1FA857A40033A915 /* 8.拍照 */,
				6E02FEA11FA96F0C00BC5614 /* 9.下拉刷新与上拉加载 */,
				6E02FEA71FA9A99600BC5614 /* 10.图片的预览 */,
				6E02FEAA1FAAB87100BC5614 /* 11.tableView颜色渐变 */,
				6EEAA0CF1FAB043B007E69E0 /* 12.登录页面动画 */,
				6EEAA0D61FAC481D007E69E0 /* 13.tableView侧滑多个按钮 */,
				20F5B4251FAD9ECD00824C3F /* 14.基础动画 */,
				6EEAA0DC1FAFFAAA007E69E0 /* 15.CoreData */,
				6EEAA1321FB15324007E69E0 /* 16.导航栏平滑切换 */,
				6E7539D91FB2934E00587BE5 /* 17.搜索 */,
				6E7539E41FB3E27700587BE5 /* 18.横竖屏切换 */,
				6E7539EB1FB429F100587BE5 /* 19.视屏作为页面背景 */,
				2014F95B1F9CC15A005FB975 /* resources */,
				6ED65A2D1F97422F001BB3FA /* Assets.xcassets */,
				6ED65A2F1F97422F001BB3FA /* LaunchScreen.storyboard */,
				6ED65A321F97422F001BB3FA /* Info.plist */,
			);
			path = FortyDaysDemo;
			sourceTree = "<group>";
		};
		6ED65A3A1F97422F001BB3FA /* FortyDaysDemoTests */ = {
			isa = PBXGroup;
			children = (
				6ED65A3B1F97422F001BB3FA /* FortyDaysDemoTests.swift */,
				6ED65A3D1F97422F001BB3FA /* Info.plist */,
			);
			path = FortyDaysDemoTests;
			sourceTree = "<group>";
		};
		6ED65A451F97422F001BB3FA /* FortyDaysDemoUITests */ = {
			isa = PBXGroup;
			children = (
				6ED65A461F97422F001BB3FA /* FortyDaysDemoUITests.swift */,
				6ED65A481F97422F001BB3FA /* Info.plist */,
			);
			path = FortyDaysDemoUITests;
			sourceTree = "<group>";
		};
		6ED65A561F9848F2001BB3FA /* 1.计时器 */ = {
			isa = PBXGroup;
			children = (
				6ED65A591F98814E001BB3FA /* TimerViewController.swift */,
				6ED65A5A1F98814E001BB3FA /* TimerViewController.xib */,
			);
			path = "1.计时器";
			sourceTree = "<group>";
		};
		6EEAA0CF1FAB043B007E69E0 /* 12.登录页面动画 */ = {
			isa = PBXGroup;
			children = (
				6EEAA0D01FAB0475007E69E0 /* LoginAnimationViewController.swift */,
				6EEAA0D41FAB0A4A007E69E0 /* LoginViewController.swift */,
			);
			path = "12.登录页面动画";
			sourceTree = "<group>";
		};
		6EEAA0D61FAC481D007E69E0 /* 13.tableView侧滑多个按钮 */ = {
			isa = PBXGroup;
			children = (
				6EEAA0D71FAC48B5007E69E0 /* LateralSpreadsViewController.swift */,
			);
			path = "13.tableView侧滑多个按钮";
			sourceTree = "<group>";
		};
		6EEAA0DC1FAFFAAA007E69E0 /* 15.CoreData */ = {
			isa = PBXGroup;
			children = (
				6EEAA0DD1FAFFAB7007E69E0 /* CoreDataViewController.swift */,
				6EEAA12E1FB0369F007E69E0 /* CoreDataStack.swift */,
			);
			path = 15.CoreData;
			sourceTree = "<group>";
		};
		6EEAA1321FB15324007E69E0 /* 16.导航栏平滑切换 */ = {
			isa = PBXGroup;
			children = (
				6E0D110B1FB184A3003339AC /* NavgationHelper.swift */,
				6EFA7DBB1FB1948900565FAC /* NavigationChangeViewController.swift */,
			);
			path = "16.导航栏平滑切换";
			sourceTree = "<group>";
		};
/* End PBXGroup section */

/* Begin PBXNativeTarget section */
		6ED65A221F97422F001BB3FA /* FortyDaysDemo */ = {
			isa = PBXNativeTarget;
			buildConfigurationList = 6ED65A4B1F97422F001BB3FA /* Build configuration list for PBXNativeTarget "FortyDaysDemo" */;
			buildPhases = (
				6ED65A1F1F97422F001BB3FA /* Sources */,
				6ED65A201F97422F001BB3FA /* Frameworks */,
				6ED65A211F97422F001BB3FA /* Resources */,
			);
			buildRules = (
			);
			dependencies = (
			);
			name = FortyDaysDemo;
			productName = FortyDaysDemo;
			productReference = 6ED65A231F97422F001BB3FA /* FortyDaysDemo.app */;
			productType = "com.apple.product-type.application";
		};
		6ED65A361F97422F001BB3FA /* FortyDaysDemoTests */ = {
			isa = PBXNativeTarget;
			buildConfigurationList = 6ED65A4E1F97422F001BB3FA /* Build configuration list for PBXNativeTarget "FortyDaysDemoTests" */;
			buildPhases = (
				6ED65A331F97422F001BB3FA /* Sources */,
				6ED65A341F97422F001BB3FA /* Frameworks */,
				6ED65A351F97422F001BB3FA /* Resources */,
			);
			buildRules = (
			);
			dependencies = (
				6ED65A391F97422F001BB3FA /* PBXTargetDependency */,
			);
			name = FortyDaysDemoTests;
			productName = FortyDaysDemoTests;
			productReference = 6ED65A371F97422F001BB3FA /* FortyDaysDemoTests.xctest */;
			productType = "com.apple.product-type.bundle.unit-test";
		};
		6ED65A411F97422F001BB3FA /* FortyDaysDemoUITests */ = {
			isa = PBXNativeTarget;
			buildConfigurationList = 6ED65A511F97422F001BB3FA /* Build configuration list for PBXNativeTarget "FortyDaysDemoUITests" */;
			buildPhases = (
				6ED65A3E1F97422F001BB3FA /* Sources */,
				6ED65A3F1F97422F001BB3FA /* Frameworks */,
				6ED65A401F97422F001BB3FA /* Resources */,
			);
			buildRules = (
			);
			dependencies = (
				6ED65A441F97422F001BB3FA /* PBXTargetDependency */,
			);
			name = FortyDaysDemoUITests;
			productName = FortyDaysDemoUITests;
			productReference = 6ED65A421F97422F001BB3FA /* FortyDaysDemoUITests.xctest */;
			productType = "com.apple.product-type.bundle.ui-testing";
		};
/* End PBXNativeTarget section */

/* Begin PBXProject section */
		6ED65A1B1F97422F001BB3FA /* Project object */ = {
			isa = PBXProject;
			attributes = {
				LastSwiftUpdateCheck = 0900;
				LastUpgradeCheck = 0900;
				ORGANIZATIONNAME = Tang;
				TargetAttributes = {
					6ED65A221F97422F001BB3FA = {
						CreatedOnToolsVersion = 9.0.1;
						ProvisioningStyle = Automatic;
					};
					6ED65A361F97422F001BB3FA = {
						CreatedOnToolsVersion = 9.0.1;
						ProvisioningStyle = Automatic;
						TestTargetID = 6ED65A221F97422F001BB3FA;
					};
					6ED65A411F97422F001BB3FA = {
						CreatedOnToolsVersion = 9.0.1;
						ProvisioningStyle = Automatic;
						TestTargetID = 6ED65A221F97422F001BB3FA;
					};
				};
			};
			buildConfigurationList = 6ED65A1E1F97422F001BB3FA /* Build configuration list for PBXProject "FortyDaysDemo" */;
			compatibilityVersion = "Xcode 8.0";
			developmentRegion = en;
			hasScannedForEncodings = 0;
			knownRegions = (
				en,
				Base,
			);
			mainGroup = 6ED65A1A1F97422F001BB3FA;
			productRefGroup = 6ED65A241F97422F001BB3FA /* Products */;
			projectDirPath = "";
			projectRoot = "";
			targets = (
				6ED65A221F97422F001BB3FA /* FortyDaysDemo */,
				6ED65A361F97422F001BB3FA /* FortyDaysDemoTests */,
				6ED65A411F97422F001BB3FA /* FortyDaysDemoUITests */,
			);
		};
/* End PBXProject section */

/* Begin PBXResourcesBuildPhase section */
		6ED65A211F97422F001BB3FA /* Resources */ = {
			isa = PBXResourcesBuildPhase;
			buildActionMask = 2147483647;
			files = (
				6ED65A5C1F98814E001BB3FA /* TimerViewController.xib in Resources */,
				6E0CF2611FA857D20033A915 /* CameraViewController.xib in Resources */,
				20CBF3291FA7629900DEE0CA /* gastronomy6.jpg in Resources */,
				6ED65A311F97422F001BB3FA /* LaunchScreen.storyboard in Resources */,
				20CBF3251FA7629900DEE0CA /* gastronomy2.jpg in Resources */,
				6ED65A2E1F97422F001BB3FA /* Assets.xcassets in Resources */,
				6E02FEAE1FAABE9400BC5614 /* HomeList.plist in Resources */,
				20CBF3261FA7629900DEE0CA /* gastronomy3.jpg in Resources */,
				6E7539E81FB3E41D00587BE5 /* ScreenSwitchViewController.xib in Resources */,
				2014F96E1FA0E03A005FB975 /* DateSelectionViewController.xib in Resources */,
				2014F9671F9CC895005FB975 /* LocalVideoCell.xib in Resources */,
				20CBF3271FA7629900DEE0CA /* gastronomy4.jpg in Resources */,
				6E7539DF1FB2992800587BE5 /* SearchTableViewCell.xib in Resources */,
				2014F95D1F9CC174005FB975 /* 测试视频.mov in Resources */,
				6E7539EF1FB434C900587BE5 /* 背景视频.mov in Resources */,
				20CBF3241FA7629900DEE0CA /* gastronomy1.jpg in Resources */,
				6ED65A2C1F97422F001BB3FA /* Main.storyboard in Resources */,
				6E8C08131F9DC98000970068 /* LocationViewController.xib in Resources */,
				20CBF3281FA7629900DEE0CA /* gastronomy5.jpg in Resources */,
				6E7539E31FB2995500587BE5 /* SearchDetailViewController.xib in Resources */,
				6EFFA6811FA06ABA00B2FCE9 /* TouchShowViewController.xib in Resources */,
			);
			runOnlyForDeploymentPostprocessing = 0;
		};
		6ED65A351F97422F001BB3FA /* Resources */ = {
			isa = PBXResourcesBuildPhase;
			buildActionMask = 2147483647;
			files = (
			);
			runOnlyForDeploymentPostprocessing = 0;
		};
		6ED65A401F97422F001BB3FA /* Resources */ = {
			isa = PBXResourcesBuildPhase;
			buildActionMask = 2147483647;
			files = (
			);
			runOnlyForDeploymentPostprocessing = 0;
		};
/* End PBXResourcesBuildPhase section */

/* Begin PBXSourcesBuildPhase section */
		6ED65A1F1F97422F001BB3FA /* Sources */ = {
			isa = PBXSourcesBuildPhase;
			buildActionMask = 2147483647;
			files = (
				6E7539DB1FB2936100587BE5 /* SearchViewController.swift in Sources */,
				6E02FEAC1FAAB8FB00BC5614 /* TableViewGradientController.swift in Sources */,
				6E7539ED1FB42A3000587BE5 /* VideoBackGroundViewController.swift in Sources */,
				6EFFA6801FA06ABA00B2FCE9 /* TouchShowViewController.swift in Sources */,
				6ED65A291F97422F001BB3FA /* ViewController.swift in Sources */,
				6EEAA12F1FB0369F007E69E0 /* CoreDataStack.swift in Sources */,
				6E02FEA91FA9A9C100BC5614 /* PreviewPictureViewController.swift in Sources */,
				6E7539E21FB2995500587BE5 /* SearchDetailViewController.swift in Sources */,
				6EEAA0D51FAB0A4A007E69E0 /* LoginViewController.swift in Sources */,
				6EFA7DBC1FB1948900565FAC /* NavigationChangeViewController.swift in Sources */,
				6ED65A5B1F98814E001BB3FA /* TimerViewController.swift in Sources */,
				20F5B42B1FADB20C00824C3F /* CoreAnimationViewController.swift in Sources */,
				20F5B42D1FADEF8800824C3F /* EmitterViewController.swift in Sources */,
				6E7539E71FB3E41D00587BE5 /* ScreenSwitchViewController.swift in Sources */,
				20F5B4271FAD9F1300824C3F /* BaseAnimationViewController.swift in Sources */,
				6EEAA0D11FAB0475007E69E0 /* LoginAnimationViewController.swift in Sources */,
				6EEAA0D81FAC48B5007E69E0 /* LateralSpreadsViewController.swift in Sources */,
				6EEAA0E41FB002DE007E69E0 /* Model.xcdatamodeld in Sources */,
				2014F96D1FA0E03A005FB975 /* DateSelectionViewController.swift in Sources */,
				6E02FEA61FA970D000BC5614 /* Macro.swift in Sources */,
				6EEAA0DE1FAFFAB7007E69E0 /* CoreDataViewController.swift in Sources */,
				6E02FEA31FA96F3800BC5614 /* RefreshViewController.swift in Sources */,
				6E0CF2601FA857D20033A915 /* CameraViewController.swift in Sources */,
				20BCAC7E1F9CB94E0053DC55 /* LocalVideoViewController.swift in Sources */,
				6E0D110C1FB184A3003339AC /* NavgationHelper.swift in Sources */,
				6E8C08121F9DC98000970068 /* LocationViewController.swift in Sources */,
				6E8C081C1F9F0ED900970068 /* ColorGradientViewController.swift in Sources */,
				6ED65A271F97422F001BB3FA /* AppDelegate.swift in Sources */,
				20CBF31C1FA6189F00DEE0CA /* CardScrollCell.swift in Sources */,
				20F5B4291FADA35F00824C3F /* PositionAnimationViewController.swift in Sources */,
				2014F9661F9CC895005FB975 /* LocalVideoCell.swift in Sources */,
				6E8C08311FA032B800970068 /* TouchViewController.swift in Sources */,
				6E7539DE1FB2992800587BE5 /* SearchTableViewCell.swift in Sources */,
				20CBF31A1FA6099500DEE0CA /* CardScrollViewController.swift in Sources */,
			);
			runOnlyForDeploymentPostprocessing = 0;
		};
		6ED65A331F97422F001BB3FA /* Sources */ = {
			isa = PBXSourcesBuildPhase;
			buildActionMask = 2147483647;
			files = (
				6ED65A3C1F97422F001BB3FA /* FortyDaysDemoTests.swift in Sources */,
			);
			runOnlyForDeploymentPostprocessing = 0;
		};
		6ED65A3E1F97422F001BB3FA /* Sources */ = {
			isa = PBXSourcesBuildPhase;
			buildActionMask = 2147483647;
			files = (
				6ED65A471F97422F001BB3FA /* FortyDaysDemoUITests.swift in Sources */,
			);
			runOnlyForDeploymentPostprocessing = 0;
		};
/* End PBXSourcesBuildPhase section */

/* Begin PBXTargetDependency section */
		6ED65A391F97422F001BB3FA /* PBXTargetDependency */ = {
			isa = PBXTargetDependency;
			target = 6ED65A221F97422F001BB3FA /* FortyDaysDemo */;
			targetProxy = 6ED65A381F97422F001BB3FA /* PBXContainerItemProxy */;
		};
		6ED65A441F97422F001BB3FA /* PBXTargetDependency */ = {
			isa = PBXTargetDependency;
			target = 6ED65A221F97422F001BB3FA /* FortyDaysDemo */;
			targetProxy = 6ED65A431F97422F001BB3FA /* PBXContainerItemProxy */;
		};
/* End PBXTargetDependency section */

/* Begin PBXVariantGroup section */
		6ED65A2A1F97422F001BB3FA /* Main.storyboard */ = {
			isa = PBXVariantGroup;
			children = (
				6ED65A2B1F97422F001BB3FA /* Base */,
			);
			name = Main.storyboard;
			sourceTree = "<group>";
		};
		6ED65A2F1F97422F001BB3FA /* LaunchScreen.storyboard */ = {
			isa = PBXVariantGroup;
			children = (
				6ED65A301F97422F001BB3FA /* Base */,
			);
			name = LaunchScreen.storyboard;
			sourceTree = "<group>";
		};
/* End PBXVariantGroup section */

/* Begin XCBuildConfiguration section */
		6ED65A491F97422F001BB3FA /* Debug */ = {
			isa = XCBuildConfiguration;
			buildSettings = {
				ALWAYS_SEARCH_USER_PATHS = NO;
				CLANG_ANALYZER_NONNULL = YES;
				CLANG_ANALYZER_NUMBER_OBJECT_CONVERSION = YES_AGGRESSIVE;
				CLANG_CXX_LANGUAGE_STANDARD = "gnu++14";
				CLANG_CXX_LIBRARY = "libc++";
				CLANG_ENABLE_MODULES = YES;
				CLANG_ENABLE_OBJC_ARC = YES;
				CLANG_WARN_BLOCK_CAPTURE_AUTORELEASING = YES;
				CLANG_WARN_BOOL_CONVERSION = YES;
				CLANG_WARN_COMMA = YES;
				CLANG_WARN_CONSTANT_CONVERSION = YES;
				CLANG_WARN_DIRECT_OBJC_ISA_USAGE = YES_ERROR;
				CLANG_WARN_DOCUMENTATION_COMMENTS = YES;
				CLANG_WARN_EMPTY_BODY = YES;
				CLANG_WARN_ENUM_CONVERSION = YES;
				CLANG_WARN_INFINITE_RECURSION = YES;
				CLANG_WARN_INT_CONVERSION = YES;
				CLANG_WARN_NON_LITERAL_NULL_CONVERSION = YES;
				CLANG_WARN_OBJC_LITERAL_CONVERSION = YES;
				CLANG_WARN_OBJC_ROOT_CLASS = YES_ERROR;
				CLANG_WARN_RANGE_LOOP_ANALYSIS = YES;
				CLANG_WARN_STRICT_PROTOTYPES = YES;
				CLANG_WARN_SUSPICIOUS_MOVE = YES;
				CLANG_WARN_UNGUARDED_AVAILABILITY = YES_AGGRESSIVE;
				CLANG_WARN_UNREACHABLE_CODE = YES;
				CLANG_WARN__DUPLICATE_METHOD_MATCH = YES;
				CODE_SIGN_IDENTITY = "iPhone Developer";
				COPY_PHASE_STRIP = NO;
				DEBUG_INFORMATION_FORMAT = dwarf;
				ENABLE_STRICT_OBJC_MSGSEND = YES;
				ENABLE_TESTABILITY = YES;
				GCC_C_LANGUAGE_STANDARD = gnu11;
				GCC_DYNAMIC_NO_PIC = NO;
				GCC_NO_COMMON_BLOCKS = YES;
				GCC_OPTIMIZATION_LEVEL = 0;
				GCC_PREPROCESSOR_DEFINITIONS = (
					"DEBUG=1",
					"$(inherited)",
				);
				GCC_WARN_64_TO_32_BIT_CONVERSION = YES;
				GCC_WARN_ABOUT_RETURN_TYPE = YES_ERROR;
				GCC_WARN_UNDECLARED_SELECTOR = YES;
				GCC_WARN_UNINITIALIZED_AUTOS = YES_AGGRESSIVE;
				GCC_WARN_UNUSED_FUNCTION = YES;
				GCC_WARN_UNUSED_VARIABLE = YES;
				IPHONEOS_DEPLOYMENT_TARGET = 11.0;
				MTL_ENABLE_DEBUG_INFO = YES;
				ONLY_ACTIVE_ARCH = YES;
				SDKROOT = iphoneos;
				SWIFT_ACTIVE_COMPILATION_CONDITIONS = DEBUG;
				SWIFT_OPTIMIZATION_LEVEL = "-Onone";
			};
			name = Debug;
		};
		6ED65A4A1F97422F001BB3FA /* Release */ = {
			isa = XCBuildConfiguration;
			buildSettings = {
				ALWAYS_SEARCH_USER_PATHS = NO;
				CLANG_ANALYZER_NONNULL = YES;
				CLANG_ANALYZER_NUMBER_OBJECT_CONVERSION = YES_AGGRESSIVE;
				CLANG_CXX_LANGUAGE_STANDARD = "gnu++14";
				CLANG_CXX_LIBRARY = "libc++";
				CLANG_ENABLE_MODULES = YES;
				CLANG_ENABLE_OBJC_ARC = YES;
				CLANG_WARN_BLOCK_CAPTURE_AUTORELEASING = YES;
				CLANG_WARN_BOOL_CONVERSION = YES;
				CLANG_WARN_COMMA = YES;
				CLANG_WARN_CONSTANT_CONVERSION = YES;
				CLANG_WARN_DIRECT_OBJC_ISA_USAGE = YES_ERROR;
				CLANG_WARN_DOCUMENTATION_COMMENTS = YES;
				CLANG_WARN_EMPTY_BODY = YES;
				CLANG_WARN_ENUM_CONVERSION = YES;
				CLANG_WARN_INFINITE_RECURSION = YES;
				CLANG_WARN_INT_CONVERSION = YES;
				CLANG_WARN_NON_LITERAL_NULL_CONVERSION = YES;
				CLANG_WARN_OBJC_LITERAL_CONVERSION = YES;
				CLANG_WARN_OBJC_ROOT_CLASS = YES_ERROR;
				CLANG_WARN_RANGE_LOOP_ANALYSIS = YES;
				CLANG_WARN_STRICT_PROTOTYPES = YES;
				CLANG_WARN_SUSPICIOUS_MOVE = YES;
				CLANG_WARN_UNGUARDED_AVAILABILITY = YES_AGGRESSIVE;
				CLANG_WARN_UNREACHABLE_CODE = YES;
				CLANG_WARN__DUPLICATE_METHOD_MATCH = YES;
				CODE_SIGN_IDENTITY = "iPhone Developer";
				COPY_PHASE_STRIP = NO;
				DEBUG_INFORMATION_FORMAT = "dwarf-with-dsym";
				ENABLE_NS_ASSERTIONS = NO;
				ENABLE_STRICT_OBJC_MSGSEND = YES;
				GCC_C_LANGUAGE_STANDARD = gnu11;
				GCC_NO_COMMON_BLOCKS = YES;
				GCC_WARN_64_TO_32_BIT_CONVERSION = YES;
				GCC_WARN_ABOUT_RETURN_TYPE = YES_ERROR;
				GCC_WARN_UNDECLARED_SELECTOR = YES;
				GCC_WARN_UNINITIALIZED_AUTOS = YES_AGGRESSIVE;
				GCC_WARN_UNUSED_FUNCTION = YES;
				GCC_WARN_UNUSED_VARIABLE = YES;
				IPHONEOS_DEPLOYMENT_TARGET = 11.0;
				MTL_ENABLE_DEBUG_INFO = NO;
				SDKROOT = iphoneos;
				SWIFT_OPTIMIZATION_LEVEL = "-Owholemodule";
				VALIDATE_PRODUCT = YES;
			};
			name = Release;
		};
		6ED65A4C1F97422F001BB3FA /* Debug */ = {
			isa = XCBuildConfiguration;
			buildSettings = {
				ASSETCATALOG_COMPILER_APPICON_NAME = AppIcon;
				"CODE_SIGN_IDENTITY[sdk=iphoneos*]" = "iPhone Developer";
				CODE_SIGN_STYLE = Automatic;
				DEVELOPMENT_TEAM = XXWC67NQ62;
				INFOPLIST_FILE = FortyDaysDemo/Info.plist;
				LD_RUNPATH_SEARCH_PATHS = "$(inherited) @executable_path/Frameworks";
				PRODUCT_BUNDLE_IDENTIFIER = com.tang.FortyDaysDemo;
				PRODUCT_NAME = "$(TARGET_NAME)";
				PROVISIONING_PROFILE_SPECIFIER = "";
				SWIFT_VERSION = 4.0;
				TARGETED_DEVICE_FAMILY = "1,2";
			};
			name = Debug;
		};
		6ED65A4D1F97422F001BB3FA /* Release */ = {
			isa = XCBuildConfiguration;
			buildSettings = {
				ASSETCATALOG_COMPILER_APPICON_NAME = AppIcon;
				"CODE_SIGN_IDENTITY[sdk=iphoneos*]" = "iPhone Developer";
				CODE_SIGN_STYLE = Automatic;
				DEVELOPMENT_TEAM = XXWC67NQ62;
				INFOPLIST_FILE = FortyDaysDemo/Info.plist;
				LD_RUNPATH_SEARCH_PATHS = "$(inherited) @executable_path/Frameworks";
				PRODUCT_BUNDLE_IDENTIFIER = com.tang.FortyDaysDemo;
				PRODUCT_NAME = "$(TARGET_NAME)";
				PROVISIONING_PROFILE_SPECIFIER = "";
				SWIFT_VERSION = 4.0;
				TARGETED_DEVICE_FAMILY = "1,2";
			};
			name = Release;
		};
		6ED65A4F1F97422F001BB3FA /* Debug */ = {
			isa = XCBuildConfiguration;
			buildSettings = {
				ALWAYS_EMBED_SWIFT_STANDARD_LIBRARIES = YES;
				BUNDLE_LOADER = "$(TEST_HOST)";
				CODE_SIGN_STYLE = Automatic;
				INFOPLIST_FILE = FortyDaysDemoTests/Info.plist;
				LD_RUNPATH_SEARCH_PATHS = "$(inherited) @executable_path/Frameworks @loader_path/Frameworks";
				PRODUCT_BUNDLE_IDENTIFIER = com.tang.FortyDaysDemoTests;
				PRODUCT_NAME = "$(TARGET_NAME)";
				SWIFT_VERSION = 4.0;
				TARGETED_DEVICE_FAMILY = "1,2";
				TEST_HOST = "$(BUILT_PRODUCTS_DIR)/FortyDaysDemo.app/FortyDaysDemo";
			};
			name = Debug;
		};
		6ED65A501F97422F001BB3FA /* Release */ = {
			isa = XCBuildConfiguration;
			buildSettings = {
				ALWAYS_EMBED_SWIFT_STANDARD_LIBRARIES = YES;
				BUNDLE_LOADER = "$(TEST_HOST)";
				CODE_SIGN_STYLE = Automatic;
				INFOPLIST_FILE = FortyDaysDemoTests/Info.plist;
				LD_RUNPATH_SEARCH_PATHS = "$(inherited) @executable_path/Frameworks @loader_path/Frameworks";
				PRODUCT_BUNDLE_IDENTIFIER = com.tang.FortyDaysDemoTests;
				PRODUCT_NAME = "$(TARGET_NAME)";
				SWIFT_VERSION = 4.0;
				TARGETED_DEVICE_FAMILY = "1,2";
				TEST_HOST = "$(BUILT_PRODUCTS_DIR)/FortyDaysDemo.app/FortyDaysDemo";
			};
			name = Release;
		};
		6ED65A521F97422F001BB3FA /* Debug */ = {
			isa = XCBuildConfiguration;
			buildSettings = {
				ALWAYS_EMBED_SWIFT_STANDARD_LIBRARIES = YES;
				CODE_SIGN_STYLE = Automatic;
				INFOPLIST_FILE = FortyDaysDemoUITests/Info.plist;
				LD_RUNPATH_SEARCH_PATHS = "$(inherited) @executable_path/Frameworks @loader_path/Frameworks";
				PRODUCT_BUNDLE_IDENTIFIER = com.tang.FortyDaysDemoUITests;
				PRODUCT_NAME = "$(TARGET_NAME)";
				SWIFT_VERSION = 4.0;
				TARGETED_DEVICE_FAMILY = "1,2";
				TEST_TARGET_NAME = FortyDaysDemo;
			};
			name = Debug;
		};
		6ED65A531F97422F001BB3FA /* Release */ = {
			isa = XCBuildConfiguration;
			buildSettings = {
				ALWAYS_EMBED_SWIFT_STANDARD_LIBRARIES = YES;
				CODE_SIGN_STYLE = Automatic;
				INFOPLIST_FILE = FortyDaysDemoUITests/Info.plist;
				LD_RUNPATH_SEARCH_PATHS = "$(inherited) @executable_path/Frameworks @loader_path/Frameworks";
				PRODUCT_BUNDLE_IDENTIFIER = com.tang.FortyDaysDemoUITests;
				PRODUCT_NAME = "$(TARGET_NAME)";
				SWIFT_VERSION = 4.0;
				TARGETED_DEVICE_FAMILY = "1,2";
				TEST_TARGET_NAME = FortyDaysDemo;
			};
			name = Release;
		};
/* End XCBuildConfiguration section */

/* Begin XCConfigurationList section */
		6ED65A1E1F97422F001BB3FA /* Build configuration list for PBXProject "FortyDaysDemo" */ = {
			isa = XCConfigurationList;
			buildConfigurations = (
				6ED65A491F97422F001BB3FA /* Debug */,
				6ED65A4A1F97422F001BB3FA /* Release */,
			);
			defaultConfigurationIsVisible = 0;
			defaultConfigurationName = Release;
		};
		6ED65A4B1F97422F001BB3FA /* Build configuration list for PBXNativeTarget "FortyDaysDemo" */ = {
			isa = XCConfigurationList;
			buildConfigurations = (
				6ED65A4C1F97422F001BB3FA /* Debug */,
				6ED65A4D1F97422F001BB3FA /* Release */,
			);
			defaultConfigurationIsVisible = 0;
			defaultConfigurationName = Release;
		};
		6ED65A4E1F97422F001BB3FA /* Build configuration list for PBXNativeTarget "FortyDaysDemoTests" */ = {
			isa = XCConfigurationList;
			buildConfigurations = (
				6ED65A4F1F97422F001BB3FA /* Debug */,
				6ED65A501F97422F001BB3FA /* Release */,
			);
			defaultConfigurationIsVisible = 0;
			defaultConfigurationName = Release;
		};
		6ED65A511F97422F001BB3FA /* Build configuration list for PBXNativeTarget "FortyDaysDemoUITests" */ = {
			isa = XCConfigurationList;
			buildConfigurations = (
				6ED65A521F97422F001BB3FA /* Debug */,
				6ED65A531F97422F001BB3FA /* Release */,
			);
			defaultConfigurationIsVisible = 0;
			defaultConfigurationName = Release;
		};
/* End XCConfigurationList section */

/* Begin XCVersionGroup section */
		6EEAA0E21FB002DE007E69E0 /* Model.xcdatamodeld */ = {
			isa = XCVersionGroup;
			children = (
				6EEAA0E31FB002DE007E69E0 /* Model.xcdatamodel */,
			);
			currentVersion = 6EEAA0E31FB002DE007E69E0 /* Model.xcdatamodel */;
			path = Model.xcdatamodeld;
			sourceTree = "<group>";
			versionGroupType = wrapper.xcdatamodel;
		};
/* End XCVersionGroup section */
	};
	rootObject = 6ED65A1B1F97422F001BB3FA /* Project object */;
}
